
Microsoft Visual Studio Solution File, Format Version 12.00
# Visual Studio Version 17
VisualStudioVersion = 17.5.002.0
MinimumVisualStudioVersion = 10.0.40219.1
Project("{9A19103F-16F7-4668-BE54-9A1E7A4F7556}") = "Taller", "Taller.csproj", "{B84F9E39-1BCE-4130-AF77-A1DFEA1C83EA}"
EndProject
Global
	GlobalSection(SolutionConfigurationPlatforms) = preSolution
		Debug|Any CPU = Debug|Any CPU
		Release|Any CPU = Release|Any CPU
	EndGlobalSection
	GlobalSection(ProjectConfigurationPlatforms) = postSolution
		{B84F9E39-1BCE-4130-AF77-A1DFEA1C83EA}.Debug|Any CPU.ActiveCfg = Debug|Any CPU
		{B84F9E39-1BCE-4130-AF77-A1DFEA1C83EA}.Debug|Any CPU.Build.0 = Debug|Any CPU
		{B84F9E39-1BCE-4130-AF77-A1DFEA1C83EA}.Release|Any CPU.ActiveCfg = Release|Any CPU
		{B84F9E39-1BCE-4130-AF77-A1DFEA1C83EA}.Release|Any CPU.Build.0 = Release|Any CPU
	EndGlobalSection
	GlobalSection(SolutionProperties) = preSolution
		HideSolutionNode = FALSE
	EndGlobalSection
	GlobalSection(ExtensibilityGlobals) = postSolution
		SolutionGuid = {5DE24937-D1CE-43D5-8AA0-F192F0AE3F16}
	EndGlobalSection
EndGlobal
